
Microsoft Visual Studio Solution File, Format Version 12.00
# Visual Studio Version 17
VisualStudioVersion = 17.0.31903.59
MinimumVisualStudioVersion = 10.0.40219.1
Project("{2150E333-8FDC-42A3-9474-1A3956D46DE8}") = "src", "src", "{827E0CD3-B72D-47B6-A68D-7590B98EB39B}"
EndProject
Project("{FAE04EC0-301F-11D3-BF4B-00C04F79EFBC}") = "AlmostServiceBus.Core", "src\AlmostServiceBus.Core\AlmostServiceBus.Core.csproj", "{5482DF1B-932A-43D1-8DC5-1125B6F5E860}"
EndProject
Project("{FAE04EC0-301F-11D3-BF4B-00C04F79EFBC}") = "AlmostServiceBus.Host", "src\AlmostServiceBus.Host\AlmostServiceBus.Host.csproj", "{8101406F-F0FF-48F3-A788-97D54634EF3F}"
EndProject
Project("{FAE04EC0-301F-11D3-BF4B-00C04F79EFBC}") = "AlmostServiceBus.TestHost", "src\AlmostServiceBus.TestHost\AlmostServiceBus.TestHost.csproj", "{83D44027-4C21-435F-B380-7BCFF9BE5171}"
EndProject
Project("{2150E333-8FDC-42A3-9474-1A3956D46DE8}") = "tests", "tests", "{0AB3BF05-4346-4AA6-1389-037BE0695223}"
EndProject
Project("{FAE04EC0-301F-11D3-BF4B-00C04F79EFBC}") = "AlmostServiceBus.Tests", "tests\AlmostServiceBus.Tests\AlmostServiceBus.Tests.csproj", "{F798B694-D4A0-44B5-8818-9702493F15BF}"
EndProject
Project("{FAE04EC0-301F-11D3-BF4B-00C04F79EFBC}") = "AlmostServiceBus.SdkIntegration.Tests", "tests\AlmostServiceBus.SdkIntegration.Tests\AlmostServiceBus.SdkIntegration.Tests.csproj", "{357CD4FD-00D4-4463-B21E-E9AFDA4F0B26}"
EndProject
Project("{FAE04EC0-301F-11D3-BF4B-00C04F79EFBC}") = "AlmostServiceBus.MassTransit.Tests", "tests\AlmostServiceBus.MassTransit.Tests\AlmostServiceBus.MassTransit.Tests.csproj", "{20FC53AC-342D-4300-8DE1-FA66203590A5}"
EndProject
Project("{FAE04EC0-301F-11D3-BF4B-00C04F79EFBC}") = "AlmostServiceBus.Conformance.Tests", "tests\AlmostServiceBus.Conformance.Tests\AlmostServiceBus.Conformance.Tests.csproj", "{E53C4A4B-ED91-4E41-B8B9-F8D2B253B75D}"
EndProject
Project("{FAE04EC0-301F-11D3-BF4B-00C04F79EFBC}") = "AlmostServiceBus.Aspire.Hosting", "src\AlmostServiceBus.Aspire.Hosting\AlmostServiceBus.Aspire.Hosting.csproj", "{DBEE66BD-3A5E-409C-8DD3-18698FCEAFA7}"
EndProject
Project("{FAE04EC0-301F-11D3-BF4B-00C04F79EFBC}") = "AlmostServiceBus.SdkLive.Tests", "tests\AlmostServiceBus.SdkLive.Tests\AlmostServiceBus.SdkLive.Tests.csproj", "{B2378413-70EE-498E-B7C6-BD0B532FB976}"
EndProject
Global
	GlobalSection(SolutionConfigurationPlatforms) = preSolution
		Debug|Any CPU = Debug|Any CPU
		Debug|x64 = Debug|x64
		Debug|x86 = Debug|x86
		Release|Any CPU = Release|Any CPU
		Release|x64 = Release|x64
		Release|x86 = Release|x86
	EndGlobalSection
	GlobalSection(ProjectConfigurationPlatforms) = postSolution
		{5482DF1B-932A-43D1-8DC5-1125B6F5E860}.Debug|Any CPU.ActiveCfg = Debug|Any CPU
		{5482DF1B-932A-43D1-8DC5-1125B6F5E860}.Debug|Any CPU.Build.0 = Debug|Any CPU
		{5482DF1B-932A-43D1-8DC5-1125B6F5E860}.Debug|x64.ActiveCfg = Debug|Any CPU
		{5482DF1B-932A-43D1-8DC5-1125B6F5E860}.Debug|x64.Build.0 = Debug|Any CPU
		{5482DF1B-932A-43D1-8DC5-1125B6F5E860}.Debug|x86.ActiveCfg = Debug|Any CPU
		{5482DF1B-932A-43D1-8DC5-1125B6F5E860}.Debug|x86.Build.0 = Debug|Any CPU
		{5482DF1B-932A-43D1-8DC5-1125B6F5E860}.Release|Any CPU.ActiveCfg = Release|Any CPU
		{5482DF1B-932A-43D1-8DC5-1125B6F5E860}.Release|Any CPU.Build.0 = Release|Any CPU
		{5482DF1B-932A-43D1-8DC5-1125B6F5E860}.Release|x64.ActiveCfg = Release|Any CPU
		{5482DF1B-932A-43D1-8DC5-1125B6F5E860}.Release|x64.Build.0 = Release|Any CPU
		{5482DF1B-932A-43D1-8DC5-1125B6F5E860}.Release|x86.ActiveCfg = Release|Any CPU
		{5482DF1B-932A-43D1-8DC5-1125B6F5E860}.Release|x86.Build.0 = Release|Any CPU
		{8101406F-F0FF-48F3-A788-97D54634EF3F}.Debug|Any CPU.ActiveCfg = Debug|Any CPU
		{8101406F-F0FF-48F3-A788-97D54634EF3F}.Debug|Any CPU.Build.0 = Debug|Any CPU
		{8101406F-F0FF-48F3-A788-97D54634EF3F}.Debug|x64.ActiveCfg = Debug|Any CPU
		{8101406F-F0FF-48F3-A788-97D54634EF3F}.Debug|x64.Build.0 = Debug|Any CPU
		{8101406F-F0FF-48F3-A788-97D54634EF3F}.Debug|x86.ActiveCfg = Debug|Any CPU
		{8101406F-F0FF-48F3-A788-97D54634EF3F}.Debug|x86.Build.0 = Debug|Any CPU
		{8101406F-F0FF-48F3-A788-97D54634EF3F}.Release|Any CPU.ActiveCfg = Release|Any CPU
		{8101406F-F0FF-48F3-A788-97D54634EF3F}.Release|Any CPU.Build.0 = Release|Any CPU
		{8101406F-F0FF-48F3-A788-97D54634EF3F}.Release|x64.ActiveCfg = Release|Any CPU
		{8101406F-F0FF-48F3-A788-97D54634EF3F}.Release|x64.Build.0 = Release|Any CPU
		{8101406F-F0FF-48F3-A788-97D54634EF3F}.Release|x86.ActiveCfg = Release|Any CPU
		{8101406F-F0FF-48F3-A788-97D54634EF3F}.Release|x86.Build.0 = Release|Any CPU
		{83D44027-4C21-435F-B380-7BCFF9BE5171}.Debug|Any CPU.ActiveCfg = Debug|Any CPU
		{83D44027-4C21-435F-B380-7BCFF9BE5171}.Debug|Any CPU.Build.0 = Debug|Any CPU
		{83D44027-4C21-435F-B380-7BCFF9BE5171}.Debug|x64.ActiveCfg = Debug|Any CPU
		{83D44027-4C21-435F-B380-7BCFF9BE5171}.Debug|x64.Build.0 = Debug|Any CPU
		{83D44027-4C21-435F-B380-7BCFF9BE5171}.Debug|x86.ActiveCfg = Debug|Any CPU
		{83D44027-4C21-435F-B380-7BCFF9BE5171}.Debug|x86.Build.0 = Debug|Any CPU
		{83D44027-4C21-435F-B380-7BCFF9BE5171}.Release|Any CPU.ActiveCfg = Release|Any CPU
		{83D44027-4C21-435F-B380-7BCFF9BE5171}.Release|Any CPU.Build.0 = Release|Any CPU
		{83D44027-4C21-435F-B380-7BCFF9BE5171}.Release|x64.ActiveCfg = Release|Any CPU
		{83D44027-4C21-435F-B380-7BCFF9BE5171}.Release|x64.Build.0 = Release|Any CPU
		{83D44027-4C21-435F-B380-7BCFF9BE5171}.Release|x86.ActiveCfg = Release|Any CPU
		{83D44027-4C21-435F-B380-7BCFF9BE5171}.Release|x86.Build.0 = Release|Any CPU
		{F798B694-D4A0-44B5-8818-9702493F15BF}.Debug|Any CPU.ActiveCfg = Debug|Any CPU
		{F798B694-D4A0-44B5-8818-9702493F15BF}.Debug|Any CPU.Build.0 = Debug|Any CPU
		{F798B694-D4A0-44B5-8818-9702493F15BF}.Debug|x64.ActiveCfg = Debug|Any CPU
		{F798B694-D4A0-44B5-8818-9702493F15BF}.Debug|x64.Build.0 = Debug|Any CPU
		{F798B694-D4A0-44B5-8818-9702493F15BF}.Debug|x86.ActiveCfg = Debug|Any CPU
		{F798B694-D4A0-44B5-8818-9702493F15BF}.Debug|x86.Build.0 = Debug|Any CPU
		{F798B694-D4A0-44B5-8818-9702493F15BF}.Release|Any CPU.ActiveCfg = Release|Any CPU
		{F798B694-D4A0-44B5-8818-9702493F15BF}.Release|Any CPU.Build.0 = Release|Any CPU
		{F798B694-D4A0-44B5-8818-9702493F15BF}.Release|x64.ActiveCfg = Release|Any CPU
		{F798B694-D4A0-44B5-8818-9702493F15BF}.Release|x64.Build.0 = Release|Any CPU
		{F798B694-D4A0-44B5-8818-9702493F15BF}.Release|x86.ActiveCfg = Release|Any CPU
		{F798B694-D4A0-44B5-8818-9702493F15BF}.Release|x86.Build.0 = Release|Any CPU
		{357CD4FD-00D4-4463-B21E-E9AFDA4F0B26}.Debug|Any CPU.ActiveCfg = Debug|Any CPU
		{357CD4FD-00D4-4463-B21E-E9AFDA4F0B26}.Debug|Any CPU.Build.0 = Debug|Any CPU
		{357CD4FD-00D4-4463-B21E-E9AFDA4F0B26}.Debug|x64.ActiveCfg = Debug|Any CPU
		{357CD4FD-00D4-4463-B21E-E9AFDA4F0B26}.Debug|x64.Build.0 = Debug|Any CPU
		{357CD4FD-00D4-4463-B21E-E9AFDA4F0B26}.Debug|x86.ActiveCfg = Debug|Any CPU
		{357CD4FD-00D4-4463-B21E-E9AFDA4F0B26}.Debug|x86.Build.0 = Debug|Any CPU
		{357CD4FD-00D4-4463-B21E-E9AFDA4F0B26}.Release|Any CPU.ActiveCfg = Release|Any CPU
		{357CD4FD-00D4-4463-B21E-E9AFDA4F0B26}.Release|Any CPU.Build.0 = Release|Any CPU
		{357CD4FD-00D4-4463-B21E-E9AFDA4F0B26}.Release|x64.ActiveCfg = Release|Any CPU
		{357CD4FD-00D4-4463-B21E-E9AFDA4F0B26}.Release|x64.Build.0 = Release|Any CPU
		{357CD4FD-00D4-4463-B21E-E9AFDA4F0B26}.Release|x86.ActiveCfg = Release|Any CPU
		{357CD4FD-00D4-4463-B21E-E9AFDA4F0B26}.Release|x86.Build.0 = Release|Any CPU
		{20FC53AC-342D-4300-8DE1-FA66203590A5}.Debug|Any CPU.ActiveCfg = Debug|Any CPU
		{20FC53AC-342D-4300-8DE1-FA66203590A5}.Debug|Any CPU.Build.0 = Debug|Any CPU
		{20FC53AC-342D-4300-8DE1-FA66203590A5}.Debug|x64.ActiveCfg = Debug|Any CPU
		{20FC53AC-342D-4300-8DE1-FA66203590A5}.Debug|x64.Build.0 = Debug|Any CPU
		{20FC53AC-342D-4300-8DE1-FA66203590A5}.Debug|x86.ActiveCfg = Debug|Any CPU
		{20FC53AC-342D-4300-8DE1-FA66203590A5}.Debug|x86.Build.0 = Debug|Any CPU
		{20FC53AC-342D-4300-8DE1-FA66203590A5}.Release|Any CPU.ActiveCfg = Release|Any CPU
		{20FC53AC-342D-4300-8DE1-FA66203590A5}.Release|Any CPU.Build.0 = Release|Any CPU
		{20FC53AC-342D-4300-8DE1-FA66203590A5}.Release|x64.ActiveCfg = Release|Any CPU
		{20FC53AC-342D-4300-8DE1-FA66203590A5}.Release|x64.Build.0 = Release|Any CPU
		{20FC53AC-342D-4300-8DE1-FA66203590A5}.Release|x86.ActiveCfg = Release|Any CPU
		{20FC53AC-342D-4300-8DE1-FA66203590A5}.Release|x86.Build.0 = Release|Any CPU
		{E53C4A4B-ED91-4E41-B8B9-F8D2B253B75D}.Debug|Any CPU.ActiveCfg = Debug|Any CPU
		{E53C4A4B-ED91-4E41-B8B9-F8D2B253B75D}.Debug|Any CPU.Build.0 = Debug|Any CPU
		{E53C4A4B-ED91-4E41-B8B9-F8D2B253B75D}.Debug|x64.ActiveCfg = Debug|Any CPU
		{E53C4A4B-ED91-4E41-B8B9-F8D2B253B75D}.Debug|x64.Build.0 = Debug|Any CPU
		{E53C4A4B-ED91-4E41-B8B9-F8D2B253B75D}.Debug|x86.ActiveCfg = Debug|Any CPU
		{E53C4A4B-ED91-4E41-B8B9-F8D2B253B75D}.Debug|x86.Build.0 = Debug|Any CPU
		{E53C4A4B-ED91-4E41-B8B9-F8D2B253B75D}.Release|Any CPU.ActiveCfg = Release|Any CPU
		{E53C4A4B-ED91-4E41-B8B9-F8D2B253B75D}.Release|Any CPU.Build.0 = Release|Any CPU
		{E53C4A4B-ED91-4E41-B8B9-F8D2B253B75D}.Release|x64.ActiveCfg = Release|Any CPU
		{E53C4A4B-ED91-4E41-B8B9-F8D2B253B75D}.Release|x64.Build.0 = Release|Any CPU
		{E53C4A4B-ED91-4E41-B8B9-F8D2B253B75D}.Release|x86.ActiveCfg = Release|Any CPU
		{E53C4A4B-ED91-4E41-B8B9-F8D2B253B75D}.Release|x86.Build.0 = Release|Any CPU
		{DBEE66BD-3A5E-409C-8DD3-18698FCEAFA7}.Debug|Any CPU.ActiveCfg = Debug|Any CPU
		{DBEE66BD-3A5E-409C-8DD3-18698FCEAFA7}.Debug|Any CPU.Build.0 = Debug|Any CPU
		{DBEE66BD-3A5E-409C-8DD3-18698FCEAFA7}.Debug|x64.ActiveCfg = Debug|Any CPU
		{DBEE66BD-3A5E-409C-8DD3-18698FCEAFA7}.Debug|x64.Build.0 = Debug|Any CPU
		{DBEE66BD-3A5E-409C-8DD3-18698FCEAFA7}.Debug|x86.ActiveCfg = Debug|Any CPU
		{DBEE66BD-3A5E-409C-8DD3-18698FCEAFA7}.Debug|x86.Build.0 = Debug|Any CPU
		{DBEE66BD-3A5E-409C-8DD3-18698FCEAFA7}.Release|Any CPU.ActiveCfg = Release|Any CPU
		{DBEE66BD-3A5E-409C-8DD3-18698FCEAFA7}.Release|Any CPU.Build.0 = Release|Any CPU
		{DBEE66BD-3A5E-409C-8DD3-18698FCEAFA7}.Release|x64.ActiveCfg = Release|Any CPU
		{DBEE66BD-3A5E-409C-8DD3-18698FCEAFA7}.Release|x64.Build.0 = Release|Any CPU
		{DBEE66BD-3A5E-409C-8DD3-18698FCEAFA7}.Release|x86.ActiveCfg = Release|Any CPU
		{DBEE66BD-3A5E-409C-8DD3-18698FCEAFA7}.Release|x86.Build.0 = Release|Any CPU
		{B2378413-70EE-498E-B7C6-BD0B532FB976}.Debug|Any CPU.ActiveCfg = Debug|Any CPU
		{B2378413-70EE-498E-B7C6-BD0B532FB976}.Debug|Any CPU.Build.0 = Debug|Any CPU
		{B2378413-70EE-498E-B7C6-BD0B532FB976}.Debug|x64.ActiveCfg = Debug|Any CPU
		{B2378413-70EE-498E-B7C6-BD0B532FB976}.Debug|x64.Build.0 = Debug|Any CPU
		{B2378413-70EE-498E-B7C6-BD0B532FB976}.Debug|x86.ActiveCfg = Debug|Any CPU
		{B2378413-70EE-498E-B7C6-BD0B532FB976}.Debug|x86.Build.0 = Debug|Any CPU
		{B2378413-70EE-498E-B7C6-BD0B532FB976}.Release|Any CPU.ActiveCfg = Release|Any CPU
		{B2378413-70EE-498E-B7C6-BD0B532FB976}.Release|Any CPU.Build.0 = Release|Any CPU
		{B2378413-70EE-498E-B7C6-BD0B532FB976}.Release|x64.ActiveCfg = Release|Any CPU
		{B2378413-70EE-498E-B7C6-BD0B532FB976}.Release|x64.Build.0 = Release|Any CPU
		{B2378413-70EE-498E-B7C6-BD0B532FB976}.Release|x86.ActiveCfg = Release|Any CPU
		{B2378413-70EE-498E-B7C6-BD0B532FB976}.Release|x86.Build.0 = Release|Any CPU
	EndGlobalSection
	GlobalSection(SolutionProperties) = preSolution
		HideSolutionNode = FALSE
	EndGlobalSection
	GlobalSection(NestedProjects) = preSolution
		{5482DF1B-932A-43D1-8DC5-1125B6F5E860} = {827E0CD3-B72D-47B6-A68D-7590B98EB39B}
		{8101406F-F0FF-48F3-A788-97D54634EF3F} = {827E0CD3-B72D-47B6-A68D-7590B98EB39B}
		{83D44027-4C21-435F-B380-7BCFF9BE5171} = {827E0CD3-B72D-47B6-A68D-7590B98EB39B}
		{F798B694-D4A0-44B5-8818-9702493F15BF} = {0AB3BF05-4346-4AA6-1389-037BE0695223}
		{357CD4FD-00D4-4463-B21E-E9AFDA4F0B26} = {0AB3BF05-4346-4AA6-1389-037BE0695223}
		{20FC53AC-342D-4300-8DE1-FA66203590A5} = {0AB3BF05-4346-4AA6-1389-037BE0695223}
		{E53C4A4B-ED91-4E41-B8B9-F8D2B253B75D} = {0AB3BF05-4346-4AA6-1389-037BE0695223}
		{DBEE66BD-3A5E-409C-8DD3-18698FCEAFA7} = {827E0CD3-B72D-47B6-A68D-7590B98EB39B}
		{B2378413-70EE-498E-B7C6-BD0B532FB976} = {0AB3BF05-4346-4AA6-1389-037BE0695223}
	EndGlobalSection
EndGlobal
